
Microsoft Visual Studio Solution File, Format Version 12.00
# Visual Studio Version 17
VisualStudioVersion = 17.4.33403.182
MinimumVisualStudioVersion = 10.0.40219.1
Project("{FAE04EC0-301F-11D3-BF4B-00C04F79EFBC}") = "calculoImc", "calculoImc\calculoImc.csproj", "{45366414-D6BB-46AE-989E-0EF35A1606E5}"
EndProject
Global
	GlobalSection(SolutionConfigurationPlatforms) = preSolution
		Debug|Any CPU = Debug|Any CPU
		Release|Any CPU = Release|Any CPU
	EndGlobalSection
	GlobalSection(ProjectConfigurationPlatforms) = postSolution
		{45366414-D6BB-46AE-989E-0EF35A1606E5}.Debug|Any CPU.ActiveCfg = Debug|Any CPU
		{45366414-D6BB-46AE-989E-0EF35A1606E5}.Debug|Any CPU.Build.0 = Debug|Any CPU
		{45366414-D6BB-46AE-989E-0EF35A1606E5}.Release|Any CPU.ActiveCfg = Release|Any CPU
		{45366414-D6BB-46AE-989E-0EF35A1606E5}.Release|Any CPU.Build.0 = Release|Any CPU
	EndGlobalSection
	GlobalSection(SolutionProperties) = preSolution
		HideSolutionNode = FALSE
	EndGlobalSection
	GlobalSection(ExtensibilityGlobals) = postSolution
		SolutionGuid = {DA42737A-FC4E-4F2E-B850-0DDB384605DC}
	EndGlobalSection
EndGlobal
