
Microsoft Visual Studio Solution File, Format Version 12.00
# Visual Studio Version 17
VisualStudioVersion = 17.4.33403.182
MinimumVisualStudioVersion = 10.0.40219.1
Project("{FAE04EC0-301F-11D3-BF4B-00C04F79EFBC}") = "Matriz1", "Matriz1.csproj", "{218CC9E9-5222-45DE-A08A-43AFC9B642CB}"
EndProject
Global
	GlobalSection(SolutionConfigurationPlatforms) = preSolution
		Debug|Any CPU = Debug|Any CPU
		Release|Any CPU = Release|Any CPU
	EndGlobalSection
	GlobalSection(ProjectConfigurationPlatforms) = postSolution
		{218CC9E9-5222-45DE-A08A-43AFC9B642CB}.Debug|Any CPU.ActiveCfg = Debug|Any CPU
		{218CC9E9-5222-45DE-A08A-43AFC9B642CB}.Debug|Any CPU.Build.0 = Debug|Any CPU
		{218CC9E9-5222-45DE-A08A-43AFC9B642CB}.Release|Any CPU.ActiveCfg = Release|Any CPU
		{218CC9E9-5222-45DE-A08A-43AFC9B642CB}.Release|Any CPU.Build.0 = Release|Any CPU
	EndGlobalSection
	GlobalSection(SolutionProperties) = preSolution
		HideSolutionNode = FALSE
	EndGlobalSection
	GlobalSection(ExtensibilityGlobals) = postSolution
		SolutionGuid = {7FED1947-5AF7-4BE3-B63D-9A39616EDA1B}
	EndGlobalSection
EndGlobal
