
Microsoft Visual Studio Solution File, Format Version 12.00
# Visual Studio Version 17
VisualStudioVersion = 17.4.33403.182
MinimumVisualStudioVersion = 10.0.40219.1
Project("{FAE04EC0-301F-11D3-BF4B-00C04F79EFBC}") = "AulaUm", "AulaUm\AulaUm.csproj", "{9F041CF1-D3D9-4425-BF01-9D09BFAE8DE3}"
EndProject
Global
	GlobalSection(SolutionConfigurationPlatforms) = preSolution
		Debug|Any CPU = Debug|Any CPU
		Release|Any CPU = Release|Any CPU
	EndGlobalSection
	GlobalSection(ProjectConfigurationPlatforms) = postSolution
		{9F041CF1-D3D9-4425-BF01-9D09BFAE8DE3}.Debug|Any CPU.ActiveCfg = Debug|Any CPU
		{9F041CF1-D3D9-4425-BF01-9D09BFAE8DE3}.Debug|Any CPU.Build.0 = Debug|Any CPU
		{9F041CF1-D3D9-4425-BF01-9D09BFAE8DE3}.Release|Any CPU.ActiveCfg = Release|Any CPU
		{9F041CF1-D3D9-4425-BF01-9D09BFAE8DE3}.Release|Any CPU.Build.0 = Release|Any CPU
	EndGlobalSection
	GlobalSection(SolutionProperties) = preSolution
		HideSolutionNode = FALSE
	EndGlobalSection
	GlobalSection(ExtensibilityGlobals) = postSolution
		SolutionGuid = {0C5BDA57-E288-4D92-82C9-0718E911897F}
	EndGlobalSection
EndGlobal
