
Microsoft Visual Studio Solution File, Format Version 12.00
# Visual Studio Version 17
VisualStudioVersion = 17.4.33403.182
MinimumVisualStudioVersion = 10.0.40219.1
Project("{FAE04EC0-301F-11D3-BF4B-00C04F79EFBC}") = "Prova6Codigo1", "Prova6Codigo1.csproj", "{8DE67B41-134D-45F8-9C48-74CADF078A58}"
EndProject
Global
	GlobalSection(SolutionConfigurationPlatforms) = preSolution
		Debug|Any CPU = Debug|Any CPU
		Release|Any CPU = Release|Any CPU
	EndGlobalSection
	GlobalSection(ProjectConfigurationPlatforms) = postSolution
		{8DE67B41-134D-45F8-9C48-74CADF078A58}.Debug|Any CPU.ActiveCfg = Debug|Any CPU
		{8DE67B41-134D-45F8-9C48-74CADF078A58}.Debug|Any CPU.Build.0 = Debug|Any CPU
		{8DE67B41-134D-45F8-9C48-74CADF078A58}.Release|Any CPU.ActiveCfg = Release|Any CPU
		{8DE67B41-134D-45F8-9C48-74CADF078A58}.Release|Any CPU.Build.0 = Release|Any CPU
	EndGlobalSection
	GlobalSection(SolutionProperties) = preSolution
		HideSolutionNode = FALSE
	EndGlobalSection
	GlobalSection(ExtensibilityGlobals) = postSolution
		SolutionGuid = {DF827F7F-43F5-4C35-A732-A5D0B725E738}
	EndGlobalSection
EndGlobal
