
Microsoft Visual Studio Solution File, Format Version 12.00
# Visual Studio Version 17
VisualStudioVersion = 17.4.33403.182
MinimumVisualStudioVersion = 10.0.40219.1
Project("{FAE04EC0-301F-11D3-BF4B-00C04F79EFBC}") = "Cadastros", "Cadastros.csproj", "{435D0441-37BD-4CAF-AEB6-87EC4F3B199A}"
EndProject
Global
	GlobalSection(SolutionConfigurationPlatforms) = preSolution
		Debug|Any CPU = Debug|Any CPU
		Release|Any CPU = Release|Any CPU
	EndGlobalSection
	GlobalSection(ProjectConfigurationPlatforms) = postSolution
		{435D0441-37BD-4CAF-AEB6-87EC4F3B199A}.Debug|Any CPU.ActiveCfg = Debug|Any CPU
		{435D0441-37BD-4CAF-AEB6-87EC4F3B199A}.Debug|Any CPU.Build.0 = Debug|Any CPU
		{435D0441-37BD-4CAF-AEB6-87EC4F3B199A}.Release|Any CPU.ActiveCfg = Release|Any CPU
		{435D0441-37BD-4CAF-AEB6-87EC4F3B199A}.Release|Any CPU.Build.0 = Release|Any CPU
	EndGlobalSection
	GlobalSection(SolutionProperties) = preSolution
		HideSolutionNode = FALSE
	EndGlobalSection
	GlobalSection(ExtensibilityGlobals) = postSolution
		SolutionGuid = {ABD05CE4-8B54-479F-B1E3-5C881EF6174D}
	EndGlobalSection
EndGlobal
