
Microsoft Visual Studio Solution File, Format Version 12.00
# Visual Studio Version 17
VisualStudioVersion = 17.4.33403.182
MinimumVisualStudioVersion = 10.0.40219.1
Project("{FAE04EC0-301F-11D3-BF4B-00C04F79EFBC}") = "Array2", "Array2.csproj", "{B7A63BC8-E4B1-4FAB-8577-5B3C31F2F67F}"
EndProject
Global
	GlobalSection(SolutionConfigurationPlatforms) = preSolution
		Debug|Any CPU = Debug|Any CPU
		Release|Any CPU = Release|Any CPU
	EndGlobalSection
	GlobalSection(ProjectConfigurationPlatforms) = postSolution
		{B7A63BC8-E4B1-4FAB-8577-5B3C31F2F67F}.Debug|Any CPU.ActiveCfg = Debug|Any CPU
		{B7A63BC8-E4B1-4FAB-8577-5B3C31F2F67F}.Debug|Any CPU.Build.0 = Debug|Any CPU
		{B7A63BC8-E4B1-4FAB-8577-5B3C31F2F67F}.Release|Any CPU.ActiveCfg = Release|Any CPU
		{B7A63BC8-E4B1-4FAB-8577-5B3C31F2F67F}.Release|Any CPU.Build.0 = Release|Any CPU
	EndGlobalSection
	GlobalSection(SolutionProperties) = preSolution
		HideSolutionNode = FALSE
	EndGlobalSection
	GlobalSection(ExtensibilityGlobals) = postSolution
		SolutionGuid = {62FC4155-D372-4307-A5D1-D98EF0B19AB9}
	EndGlobalSection
EndGlobal
